// !$*UTF8*$!
{
	archiveVersion = 1;
	classes = {
	};
	objectVersion = 56;
	objects = {

/* Begin PBXBuildFile section */
		B60E62622BD0FD5D004E071A /* WishProduct+CoreDataClass.swift in Sources */ = {isa = PBXBuildFile; fileRef = B60E62602BD0FD5D004E071A /* WishProduct+CoreDataClass.swift */; };
		B60E62632BD0FD5D004E071A /* WishProduct+CoreDataProperties.swift in Sources */ = {isa = PBXBuildFile; fileRef = B60E62612BD0FD5D004E071A /* WishProduct+CoreDataProperties.swift */; };
		B662715D2BD0D2B50073D7E2 /* AppDelegate.swift in Sources */ = {isa = PBXBuildFile; fileRef = B662715C2BD0D2B50073D7E2 /* AppDelegate.swift */; };
		B662715F2BD0D2B50073D7E2 /* SceneDelegate.swift in Sources */ = {isa = PBXBuildFile; fileRef = B662715E2BD0D2B50073D7E2 /* SceneDelegate.swift */; };
		B66271612BD0D2B50073D7E2 /* ViewController.swift in Sources */ = {isa = PBXBuildFile; fileRef = B66271602BD0D2B50073D7E2 /* ViewController.swift */; };
		B66271642BD0D2B50073D7E2 /* Base in Resources */ = {isa = PBXBuildFile; fileRef = B66271632BD0D2B50073D7E2 /* Base */; };
		B66271672BD0D2B50073D7E2 /* WishList.xcdatamodeld in Sources */ = {isa = PBXBuildFile; fileRef = B66271652BD0D2B50073D7E2 /* WishList.xcdatamodeld */; };
		B66271692BD0D2B60073D7E2 /* Assets.xcassets in Resources */ = {isa = PBXBuildFile; fileRef = B66271682BD0D2B60073D7E2 /* Assets.xcassets */; };
		B662716C2BD0D2B60073D7E2 /* Base in Resources */ = {isa = PBXBuildFile; fileRef = B662716B2BD0D2B60073D7E2 /* Base */; };
		B66271742BD0DC960073D7E2 /* WishListViewController.swift in Sources */ = {isa = PBXBuildFile; fileRef = B66271732BD0DC960073D7E2 /* WishListViewController.swift */; };
		B66271762BD0DE9B0073D7E2 /* WishListTableViewCell.swift in Sources */ = {isa = PBXBuildFile; fileRef = B66271752BD0DE9B0073D7E2 /* WishListTableViewCell.swift */; };
		B66271782BD0E1F20073D7E2 /* DataManager.swift in Sources */ = {isa = PBXBuildFile; fileRef = B66271772BD0E1F20073D7E2 /* DataManager.swift */; };
		B662717A2BD0E2010073D7E2 /* Product.swift in Sources */ = {isa = PBXBuildFile; fileRef = B66271792BD0E2010073D7E2 /* Product.swift */; };
		B662717F2BD0EC8E0073D7E2 /* CoreDataManager.swift in Sources */ = {isa = PBXBuildFile; fileRef = B662717E2BD0EC8E0073D7E2 /* CoreDataManager.swift */; };
/* End PBXBuildFile section */

/* Begin PBXFileReference section */
		B60E62602BD0FD5D004E071A /* WishProduct+CoreDataClass.swift */ = {isa = PBXFileReference; lastKnownFileType = sourcecode.swift; path = "WishProduct+CoreDataClass.swift"; sourceTree = "<group>"; };
		B60E62612BD0FD5D004E071A /* WishProduct+CoreDataProperties.swift */ = {isa = PBXFileReference; lastKnownFileType = sourcecode.swift; path = "WishProduct+CoreDataProperties.swift"; sourceTree = "<group>"; };
		B66271592BD0D2B50073D7E2 /* WishList.app */ = {isa = PBXFileReference; explicitFileType = wrapper.application; includeInIndex = 0; path = WishList.app; sourceTree = BUILT_PRODUCTS_DIR; };
		B662715C2BD0D2B50073D7E2 /* AppDelegate.swift */ = {isa = PBXFileReference; lastKnownFileType = sourcecode.swift; path = AppDelegate.swift; sourceTree = "<group>"; };
		B662715E2BD0D2B50073D7E2 /* SceneDelegate.swift */ = {isa = PBXFileReference; lastKnownFileType = sourcecode.swift; path = SceneDelegate.swift; sourceTree = "<group>"; };
		B66271602BD0D2B50073D7E2 /* ViewController.swift */ = {isa = PBXFileReference; lastKnownFileType = sourcecode.swift; path = ViewController.swift; sourceTree = "<group>"; };
		B66271632BD0D2B50073D7E2 /* Base */ = {isa = PBXFileReference; lastKnownFileType = file.storyboard; name = Base; path = Base.lproj/Main.storyboard; sourceTree = "<group>"; };
		B66271662BD0D2B50073D7E2 /* WishList.xcdatamodel */ = {isa = PBXFileReference; lastKnownFileType = wrapper.xcdatamodel; path = WishList.xcdatamodel; sourceTree = "<group>"; };
		B66271682BD0D2B60073D7E2 /* Assets.xcassets */ = {isa = PBXFileReference; lastKnownFileType = folder.assetcatalog; path = Assets.xcassets; sourceTree = "<group>"; };
		B662716B2BD0D2B60073D7E2 /* Base */ = {isa = PBXFileReference; lastKnownFileType = file.storyboard; name = Base; path = Base.lproj/LaunchScreen.storyboard; sourceTree = "<group>"; };
		B662716D2BD0D2B60073D7E2 /* Info.plist */ = {isa = PBXFileReference; lastKnownFileType = text.plist.xml; path = Info.plist; sourceTree = "<group>"; };
		B66271732BD0DC960073D7E2 /* WishListViewController.swift */ = {isa = PBXFileReference; lastKnownFileType = sourcecode.swift; path = WishListViewController.swift; sourceTree = "<group>"; };
		B66271752BD0DE9B0073D7E2 /* WishListTableViewCell.swift */ = {isa = PBXFileReference; lastKnownFileType = sourcecode.swift; path = WishListTableViewCell.swift; sourceTree = "<group>"; };
		B66271772BD0E1F20073D7E2 /* DataManager.swift */ = {isa = PBXFileReference; lastKnownFileType = sourcecode.swift; path = DataManager.swift; sourceTree = "<group>"; };
		B66271792BD0E2010073D7E2 /* Product.swift */ = {isa = PBXFileReference; lastKnownFileType = sourcecode.swift; path = Product.swift; sourceTree = "<group>"; };
		B662717E2BD0EC8E0073D7E2 /* CoreDataManager.swift */ = {isa = PBXFileReference; lastKnownFileType = sourcecode.swift; path = CoreDataManager.swift; sourceTree = "<group>"; };
/* End PBXFileReference section */

/* Begin PBXFrameworksBuildPhase section */
		B66271562BD0D2B50073D7E2 /* Frameworks */ = {
			isa = PBXFrameworksBuildPhase;
			buildActionMask = 2147483647;
			files = (
			);
			runOnlyForDeploymentPostprocessing = 0;
		};
/* End PBXFrameworksBuildPhase section */

/* Begin PBXGroup section */
		B66271502BD0D2B40073D7E2 = {
			isa = PBXGroup;
			children = (
				B60E62602BD0FD5D004E071A /* WishProduct+CoreDataClass.swift */,
				B60E62612BD0FD5D004E071A /* WishProduct+CoreDataProperties.swift */,
				B662715B2BD0D2B50073D7E2 /* WishList */,
				B662715A2BD0D2B50073D7E2 /* Products */,
			);
			sourceTree = "<group>";
		};
		B662715A2BD0D2B50073D7E2 /* Products */ = {
			isa = PBXGroup;
			children = (
				B66271592BD0D2B50073D7E2 /* WishList.app */,
			);
			name = Products;
			sourceTree = "<group>";
		};
		B662715B2BD0D2B50073D7E2 /* WishList */ = {
			isa = PBXGroup;
			children = (
				B662715C2BD0D2B50073D7E2 /* AppDelegate.swift */,
				B662715E2BD0D2B50073D7E2 /* SceneDelegate.swift */,
				B662717B2BD0E2620073D7E2 /* Models */,
				B662717C2BD0E26B0073D7E2 /* Views */,
				B662717D2BD0E2760073D7E2 /* Controllers */,
				B66271682BD0D2B60073D7E2 /* Assets.xcassets */,
				B662716A2BD0D2B60073D7E2 /* LaunchScreen.storyboard */,
				B662716D2BD0D2B60073D7E2 /* Info.plist */,
				B66271652BD0D2B50073D7E2 /* WishList.xcdatamodeld */,
			);
			path = WishList;
			sourceTree = "<group>";
		};
		B662717B2BD0E2620073D7E2 /* Models */ = {
			isa = PBXGroup;
			children = (
				B66271792BD0E2010073D7E2 /* Product.swift */,
				B66271772BD0E1F20073D7E2 /* DataManager.swift */,
				B662717E2BD0EC8E0073D7E2 /* CoreDataManager.swift */,
			);
			path = Models;
			sourceTree = "<group>";
		};
		B662717C2BD0E26B0073D7E2 /* Views */ = {
			isa = PBXGroup;
			children = (
				B66271622BD0D2B50073D7E2 /* Main.storyboard */,
				B66271752BD0DE9B0073D7E2 /* WishListTableViewCell.swift */,
			);
			path = Views;
			sourceTree = "<group>";
		};
		B662717D2BD0E2760073D7E2 /* Controllers */ = {
			isa = PBXGroup;
			children = (
				B66271732BD0DC960073D7E2 /* WishListViewController.swift */,
				B66271602BD0D2B50073D7E2 /* ViewController.swift */,
			);
			path = Controllers;
			sourceTree = "<group>";
		};
/* End PBXGroup section */

/* Begin PBXNativeTarget section */
		B66271582BD0D2B50073D7E2 /* WishList */ = {
			isa = PBXNativeTarget;
			buildConfigurationList = B66271702BD0D2B60073D7E2 /* Build configuration list for PBXNativeTarget "WishList" */;
			buildPhases = (
				B66271552BD0D2B50073D7E2 /* Sources */,
				B66271562BD0D2B50073D7E2 /* Frameworks */,
				B66271572BD0D2B50073D7E2 /* Resources */,
			);
			buildRules = (
			);
			dependencies = (
			);
			name = WishList;
			productName = WishList;
			productReference = B66271592BD0D2B50073D7E2 /* WishList.app */;
			productType = "com.apple.product-type.application";
		};
/* End PBXNativeTarget section */

/* Begin PBXProject section */
		B66271512BD0D2B40073D7E2 /* Project object */ = {
			isa = PBXProject;
			attributes = {
				BuildIndependentTargetsInParallel = 1;
				LastSwiftUpdateCheck = 1530;
				LastUpgradeCheck = 1530;
				TargetAttributes = {
					B66271582BD0D2B50073D7E2 = {
						CreatedOnToolsVersion = 15.3;
					};
				};
			};
			buildConfigurationList = B66271542BD0D2B40073D7E2 /* Build configuration list for PBXProject "WishList" */;
			compatibilityVersion = "Xcode 14.0";
			developmentRegion = en;
			hasScannedForEncodings = 0;
			knownRegions = (
				en,
				Base,
			);
			mainGroup = B66271502BD0D2B40073D7E2;
			productRefGroup = B662715A2BD0D2B50073D7E2 /* Products */;
			projectDirPath = "";
			projectRoot = "";
			targets = (
				B66271582BD0D2B50073D7E2 /* WishList */,
			);
		};
/* End PBXProject section */

/* Begin PBXResourcesBuildPhase section */
		B66271572BD0D2B50073D7E2 /* Resources */ = {
			isa = PBXResourcesBuildPhase;
			buildActionMask = 2147483647;
			files = (
				B66271692BD0D2B60073D7E2 /* Assets.xcassets in Resources */,
				B662716C2BD0D2B60073D7E2 /* Base in Resources */,
				B66271642BD0D2B50073D7E2 /* Base in Resources */,
			);
			runOnlyForDeploymentPostprocessing = 0;
		};
/* End PBXResourcesBuildPhase section */

/* Begin PBXSourcesBuildPhase section */
		B66271552BD0D2B50073D7E2 /* Sources */ = {
			isa = PBXSourcesBuildPhase;
			buildActionMask = 2147483647;
			files = (
				B66271672BD0D2B50073D7E2 /* WishList.xcdatamodeld in Sources */,
				B66271742BD0DC960073D7E2 /* WishListViewController.swift in Sources */,
				B60E62622BD0FD5D004E071A /* WishProduct+CoreDataClass.swift in Sources */,
				B60E62632BD0FD5D004E071A /* WishProduct+CoreDataProperties.swift in Sources */,
				B66271762BD0DE9B0073D7E2 /* WishListTableViewCell.swift in Sources */,
				B66271782BD0E1F20073D7E2 /* DataManager.swift in Sources */,
				B662717A2BD0E2010073D7E2 /* Product.swift in Sources */,
				B66271612BD0D2B50073D7E2 /* ViewController.swift in Sources */,
				B662715D2BD0D2B50073D7E2 /* AppDelegate.swift in Sources */,
				B662717F2BD0EC8E0073D7E2 /* CoreDataManager.swift in Sources */,
				B662715F2BD0D2B50073D7E2 /* SceneDelegate.swift in Sources */,
			);
			runOnlyForDeploymentPostprocessing = 0;
		};
/* End PBXSourcesBuildPhase section */

/* Begin PBXVariantGroup section */
		B66271622BD0D2B50073D7E2 /* Main.storyboard */ = {
			isa = PBXVariantGroup;
			children = (
				B66271632BD0D2B50073D7E2 /* Base */,
			);
			name = Main.storyboard;
			sourceTree = "<group>";
		};
		B662716A2BD0D2B60073D7E2 /* LaunchScreen.storyboard */ = {
			isa = PBXVariantGroup;
			children = (
				B662716B2BD0D2B60073D7E2 /* Base */,
			);
			name = LaunchScreen.storyboard;
			sourceTree = "<group>";
		};
/* End PBXVariantGroup section */

/* Begin XCBuildConfiguration section */
		B662716E2BD0D2B60073D7E2 /* Debug */ = {
			isa = XCBuildConfiguration;
			buildSettings = {
				ALWAYS_SEARCH_USER_PATHS = NO;
				ASSETCATALOG_COMPILER_GENERATE_SWIFT_ASSET_SYMBOL_EXTENSIONS = YES;
				CLANG_ANALYZER_NONNULL = YES;
				CLANG_ANALYZER_NUMBER_OBJECT_CONVERSION = YES_AGGRESSIVE;
				CLANG_CXX_LANGUAGE_STANDARD = "gnu++20";
				CLANG_ENABLE_MODULES = YES;
				CLANG_ENABLE_OBJC_ARC = YES;
				CLANG_ENABLE_OBJC_WEAK = YES;
				CLANG_WARN_BLOCK_CAPTURE_AUTORELEASING = YES;
				CLANG_WARN_BOOL_CONVERSION = YES;
				CLANG_WARN_COMMA = YES;
				CLANG_WARN_CONSTANT_CONVERSION = YES;
				CLANG_WARN_DEPRECATED_OBJC_IMPLEMENTATIONS = YES;
				CLANG_WARN_DIRECT_OBJC_ISA_USAGE = YES_ERROR;
				CLANG_WARN_DOCUMENTATION_COMMENTS = YES;
				CLANG_WARN_EMPTY_BODY = YES;
				CLANG_WARN_ENUM_CONVERSION = YES;
				CLANG_WARN_INFINITE_RECURSION = YES;
				CLANG_WARN_INT_CONVERSION = YES;
				CLANG_WARN_NON_LITERAL_NULL_CONVERSION = YES;
				CLANG_WARN_OBJC_IMPLICIT_RETAIN_SELF = YES;
				CLANG_WARN_OBJC_LITERAL_CONVERSION = YES;
				CLANG_WARN_OBJC_ROOT_CLASS = YES_ERROR;
				CLANG_WARN_QUOTED_INCLUDE_IN_FRAMEWORK_HEADER = YES;
				CLANG_WARN_RANGE_LOOP_ANALYSIS = YES;
				CLANG_WARN_STRICT_PROTOTYPES = YES;
				CLANG_WARN_SUSPICIOUS_MOVE = YES;
				CLANG_WARN_UNGUARDED_AVAILABILITY = YES_AGGRESSIVE;
				CLANG_WARN_UNREACHABLE_CODE = YES;
				CLANG_WARN__DUPLICATE_METHOD_MATCH = YES;
				COPY_PHASE_STRIP = NO;
				DEBUG_INFORMATION_FORMAT = dwarf;
				ENABLE_STRICT_OBJC_MSGSEND = YES;
				ENABLE_TESTABILITY = YES;
				ENABLE_USER_SCRIPT_SANDBOXING = YES;
				GCC_C_LANGUAGE_STANDARD = gnu17;
				GCC_DYNAMIC_NO_PIC = NO;
				GCC_NO_COMMON_BLOCKS = YES;
				GCC_OPTIMIZATION_LEVEL = 0;
				GCC_PREPROCESSOR_DEFINITIONS = (
					"DEBUG=1",
					"$(inherited)",
				);
				GCC_WARN_64_TO_32_BIT_CONVERSION = YES;
				GCC_WARN_ABOUT_RETURN_TYPE = YES_ERROR;
				GCC_WARN_UNDECLARED_SELECTOR = YES;
				GCC_WARN_UNINITIALIZED_AUTOS = YES_AGGRESSIVE;
				GCC_WARN_UNUSED_FUNCTION = YES;
				GCC_WARN_UNUSED_VARIABLE = YES;
				IPHONEOS_DEPLOYMENT_TARGET = 17.4;
				LOCALIZATION_PREFERS_STRING_CATALOGS = YES;
				MTL_ENABLE_DEBUG_INFO = INCLUDE_SOURCE;
				MTL_FAST_MATH = YES;
				ONLY_ACTIVE_ARCH = YES;
				SDKROOT = iphoneos;
				SWIFT_ACTIVE_COMPILATION_CONDITIONS = "DEBUG $(inherited)";
				SWIFT_OPTIMIZATION_LEVEL = "-Onone";
			};
			name = Debug;
		};
		B662716F2BD0D2B60073D7E2 /* Release */ = {
			isa = XCBuildConfiguration;
			buildSettings = {
				ALWAYS_SEARCH_USER_PATHS = NO;
				ASSETCATALOG_COMPILER_GENERATE_SWIFT_ASSET_SYMBOL_EXTENSIONS = YES;
				CLANG_ANALYZER_NONNULL = YES;
				CLANG_ANALYZER_NUMBER_OBJECT_CONVERSION = YES_AGGRESSIVE;
				CLANG_CXX_LANGUAGE_STANDARD = "gnu++20";
				CLANG_ENABLE_MODULES = YES;
				CLANG_ENABLE_OBJC_ARC = YES;
				CLANG_ENABLE_OBJC_WEAK = YES;
				CLANG_WARN_BLOCK_CAPTURE_AUTORELEASING = YES;
				CLANG_WARN_BOOL_CONVERSION = YES;
				CLANG_WARN_COMMA = YES;
				CLANG_WARN_CONSTANT_CONVERSION = YES;
				CLANG_WARN_DEPRECATED_OBJC_IMPLEMENTATIONS = YES;
				CLANG_WARN_DIRECT_OBJC_ISA_USAGE = YES_ERROR;
				CLANG_WARN_DOCUMENTATION_COMMENTS = YES;
				CLANG_WARN_EMPTY_BODY = YES;
				CLANG_WARN_ENUM_CONVERSION = YES;
				CLANG_WARN_INFINITE_RECURSION = YES;
				CLANG_WARN_INT_CONVERSION = YES;
				CLANG_WARN_NON_LITERAL_NULL_CONVERSION = YES;
				CLANG_WARN_OBJC_IMPLICIT_RETAIN_SELF = YES;
				CLANG_WARN_OBJC_LITERAL_CONVERSION = YES;
				CLANG_WARN_OBJC_ROOT_CLASS = YES_ERROR;
				CLANG_WARN_QUOTED_INCLUDE_IN_FRAMEWORK_HEADER = YES;
				CLANG_WARN_RANGE_LOOP_ANALYSIS = YES;
				CLANG_WARN_STRICT_PROTOTYPES = YES;
				CLANG_WARN_SUSPICIOUS_MOVE = YES;
				CLANG_WARN_UNGUARDED_AVAILABILITY = YES_AGGRESSIVE;
				CLANG_WARN_UNREACHABLE_CODE = YES;
				CLANG_WARN__DUPLICATE_METHOD_MATCH = YES;
				COPY_PHASE_STRIP = NO;
				DEBUG_INFORMATION_FORMAT = "dwarf-with-dsym";
				ENABLE_NS_ASSERTIONS = NO;
				ENABLE_STRICT_OBJC_MSGSEND = YES;
				ENABLE_USER_SCRIPT_SANDBOXING = YES;
				GCC_C_LANGUAGE_STANDARD = gnu17;
				GCC_NO_COMMON_BLOCKS = YES;
				GCC_WARN_64_TO_32_BIT_CONVERSION = YES;
				GCC_WARN_ABOUT_RETURN_TYPE = YES_ERROR;
				GCC_WARN_UNDECLARED_SELECTOR = YES;
				GCC_WARN_UNINITIALIZED_AUTOS = YES_AGGRESSIVE;
				GCC_WARN_UNUSED_FUNCTION = YES;
				GCC_WARN_UNUSED_VARIABLE = YES;
				IPHONEOS_DEPLOYMENT_TARGET = 17.4;
				LOCALIZATION_PREFERS_STRING_CATALOGS = YES;
				MTL_ENABLE_DEBUG_INFO = NO;
				MTL_FAST_MATH = YES;
				SDKROOT = iphoneos;
				SWIFT_COMPILATION_MODE = wholemodule;
				VALIDATE_PRODUCT = YES;
			};
			name = Release;
		};
		B66271712BD0D2B60073D7E2 /* Debug */ = {
			isa = XCBuildConfiguration;
			buildSettings = {
				ASSETCATALOG_COMPILER_APPICON_NAME = AppIcon;
				ASSETCATALOG_COMPILER_GLOBAL_ACCENT_COLOR_NAME = AccentColor;
				CODE_SIGN_STYLE = Automatic;
				CURRENT_PROJECT_VERSION = 1;
				DEVELOPMENT_TEAM = BF9XQ9V6WY;
				GENERATE_INFOPLIST_FILE = YES;
				INFOPLIST_FILE = WishList/Info.plist;
				INFOPLIST_KEY_UIApplicationSupportsIndirectInputEvents = YES;
				INFOPLIST_KEY_UILaunchStoryboardName = LaunchScreen;
				INFOPLIST_KEY_UIMainStoryboardFile = Main;
				INFOPLIST_KEY_UISupportedInterfaceOrientations = UIInterfaceOrientationPortrait;
				INFOPLIST_KEY_UISupportedInterfaceOrientations_iPad = "UIInterfaceOrientationLandscapeLeft UIInterfaceOrientationLandscapeRight UIInterfaceOrientationPortrait UIInterfaceOrientationPortraitUpsideDown";
				IPHONEOS_DEPLOYMENT_TARGET = 15;
				LD_RUNPATH_SEARCH_PATHS = (
					"$(inherited)",
					"@executable_path/Frameworks",
				);
				MARKETING_VERSION = 1.0;
				PRODUCT_BUNDLE_IDENTIFIER = com.eqqmayo.WishList;
				PRODUCT_NAME = "$(TARGET_NAME)";
				SUPPORTED_PLATFORMS = "iphoneos iphonesimulator";
				SUPPORTS_MACCATALYST = NO;
				SUPPORTS_MAC_DESIGNED_FOR_IPHONE_IPAD = NO;
				SUPPORTS_XR_DESIGNED_FOR_IPHONE_IPAD = NO;
				SWIFT_EMIT_LOC_STRINGS = YES;
				SWIFT_VERSION = 5.0;
				TARGETED_DEVICE_FAMILY = 1;
			};
			name = Debug;
		};
		B66271722BD0D2B60073D7E2 /* Release */ = {
			isa = XCBuildConfiguration;
			buildSettings = {
				ASSETCATALOG_COMPILER_APPICON_NAME = AppIcon;
				ASSETCATALOG_COMPILER_GLOBAL_ACCENT_COLOR_NAME = AccentColor;
				CODE_SIGN_STYLE = Automatic;
				CURRENT_PROJECT_VERSION = 1;
				DEVELOPMENT_TEAM = BF9XQ9V6WY;
				GENERATE_INFOPLIST_FILE = YES;
				INFOPLIST_FILE = WishList/Info.plist;
				INFOPLIST_KEY_UIApplicationSupportsIndirectInputEvents = YES;
				INFOPLIST_KEY_UILaunchStoryboardName = LaunchScreen;
				INFOPLIST_KEY_UIMainStoryboardFile = Main;
				INFOPLIST_KEY_UISupportedInterfaceOrientations = UIInterfaceOrientationPortrait;
				INFOPLIST_KEY_UISupportedInterfaceOrientations_iPad = "UIInterfaceOrientationLandscapeLeft UIInterfaceOrientationLandscapeRight UIInterfaceOrientationPortrait UIInterfaceOrientationPortraitUpsideDown";
				IPHONEOS_DEPLOYMENT_TARGET = 15;
				LD_RUNPATH_SEARCH_PATHS = (
					"$(inherited)",
					"@executable_path/Frameworks",
				);
				MARKETING_VERSION = 1.0;
				PRODUCT_BUNDLE_IDENTIFIER = com.eqqmayo.WishList;
				PRODUCT_NAME = "$(TARGET_NAME)";
				SUPPORTED_PLATFORMS = "iphoneos iphonesimulator";
				SUPPORTS_MACCATALYST = NO;
				SUPPORTS_MAC_DESIGNED_FOR_IPHONE_IPAD = NO;
				SUPPORTS_XR_DESIGNED_FOR_IPHONE_IPAD = NO;
				SWIFT_EMIT_LOC_STRINGS = YES;
				SWIFT_VERSION = 5.0;
				TARGETED_DEVICE_FAMILY = 1;
			};
			name = Release;
		};
/* End XCBuildConfiguration section */

/* Begin XCConfigurationList section */
		B66271542BD0D2B40073D7E2 /* Build configuration list for PBXProject "WishList" */ = {
			isa = XCConfigurationList;
			buildConfigurations = (
				B662716E2BD0D2B60073D7E2 /* Debug */,
				B662716F2BD0D2B60073D7E2 /* Release */,
			);
			defaultConfigurationIsVisible = 0;
			defaultConfigurationName = Release;
		};
		B66271702BD0D2B60073D7E2 /* Build configuration list for PBXNativeTarget "WishList" */ = {
			isa = XCConfigurationList;
			buildConfigurations = (
				B66271712BD0D2B60073D7E2 /* Debug */,
				B66271722BD0D2B60073D7E2 /* Release */,
			);
			defaultConfigurationIsVisible = 0;
			defaultConfigurationName = Release;
		};
/* End XCConfigurationList section */

/* Begin XCVersionGroup section */
		B66271652BD0D2B50073D7E2 /* WishList.xcdatamodeld */ = {
			isa = XCVersionGroup;
			children = (
				B66271662BD0D2B50073D7E2 /* WishList.xcdatamodel */,
			);
			currentVersion = B66271662BD0D2B50073D7E2 /* WishList.xcdatamodel */;
			path = WishList.xcdatamodeld;
			sourceTree = "<group>";
			versionGroupType = wrapper.xcdatamodel;
		};
/* End XCVersionGroup section */
	};
	rootObject = B66271512BD0D2B40073D7E2 /* Project object */;
}
