// !$*UTF8*$!
{
	archiveVersion = 1;
	classes = {
	};
	objectVersion = 56;
	objects = {

/* Begin PBXBuildFile section */
		B68A4AD92BDE0F94008E25C5 /* AppDelegate.swift in Sources */ = {isa = PBXBuildFile; fileRef = B68A4AD82BDE0F94008E25C5 /* AppDelegate.swift */; };
		B68A4ADB2BDE0F94008E25C5 /* SceneDelegate.swift in Sources */ = {isa = PBXBuildFile; fileRef = B68A4ADA2BDE0F94008E25C5 /* SceneDelegate.swift */; };
		B68A4ADD2BDE0F94008E25C5 /* ViewController.swift in Sources */ = {isa = PBXBuildFile; fileRef = B68A4ADC2BDE0F94008E25C5 /* ViewController.swift */; };
		B68A4AE02BDE0F94008E25C5 /* Base in Resources */ = {isa = PBXBuildFile; fileRef = B68A4ADF2BDE0F94008E25C5 /* Base */; };
		B68A4AE32BDE0F94008E25C5 /* WishList.xcdatamodeld in Sources */ = {isa = PBXBuildFile; fileRef = B68A4AE12BDE0F94008E25C5 /* WishList.xcdatamodeld */; };
		B68A4AE52BDE0F96008E25C5 /* Assets.xcassets in Resources */ = {isa = PBXBuildFile; fileRef = B68A4AE42BDE0F96008E25C5 /* Assets.xcassets */; };
		B68A4AE82BDE0F96008E25C5 /* Base in Resources */ = {isa = PBXBuildFile; fileRef = B68A4AE72BDE0F96008E25C5 /* Base */; };
		B68A4AF02BDE0FCB008E25C5 /* BaseViewController.swift in Sources */ = {isa = PBXBuildFile; fileRef = B68A4AEF2BDE0FCB008E25C5 /* BaseViewController.swift */; };
		B68A4AF22BDE1B7C008E25C5 /* Product.swift in Sources */ = {isa = PBXBuildFile; fileRef = B68A4AF12BDE1B7C008E25C5 /* Product.swift */; };
		B68A4AF72BDE1F01008E25C5 /* APIManager.swift in Sources */ = {isa = PBXBuildFile; fileRef = B68A4AF62BDE1F01008E25C5 /* APIManager.swift */; };
		B68A4AF92BDE1F0F008E25C5 /* CoreDataManager.swift in Sources */ = {isa = PBXBuildFile; fileRef = B68A4AF82BDE1F0F008E25C5 /* CoreDataManager.swift */; };
		B68A4AFB2BDE3AE2008E25C5 /* WishListViewController.swift in Sources */ = {isa = PBXBuildFile; fileRef = B68A4AFA2BDE3AE2008E25C5 /* WishListViewController.swift */; };
		B68A4AFD2BDE3F85008E25C5 /* MyCollectionViewCell.swift in Sources */ = {isa = PBXBuildFile; fileRef = B68A4AFC2BDE3F85008E25C5 /* MyCollectionViewCell.swift */; };
		F73ECB8E38C141D643F53F2F /* Pods_WishList.framework in Frameworks */ = {isa = PBXBuildFile; fileRef = 86374450A9209E76390A0A0B /* Pods_WishList.framework */; };
/* End PBXBuildFile section */

/* Begin PBXFileReference section */
		0C3798A5C732344F97970991 /* Pods-WishList.release.xcconfig */ = {isa = PBXFileReference; includeInIndex = 1; lastKnownFileType = text.xcconfig; name = "Pods-WishList.release.xcconfig"; path = "Target Support Files/Pods-WishList/Pods-WishList.release.xcconfig"; sourceTree = "<group>"; };
		86374450A9209E76390A0A0B /* Pods_WishList.framework */ = {isa = PBXFileReference; explicitFileType = wrapper.framework; includeInIndex = 0; path = Pods_WishList.framework; sourceTree = BUILT_PRODUCTS_DIR; };
		9A89FAD10911BABBA84B37D1 /* Pods-WishList.debug.xcconfig */ = {isa = PBXFileReference; includeInIndex = 1; lastKnownFileType = text.xcconfig; name = "Pods-WishList.debug.xcconfig"; path = "Target Support Files/Pods-WishList/Pods-WishList.debug.xcconfig"; sourceTree = "<group>"; };
		B68A4AD52BDE0F94008E25C5 /* WishList.app */ = {isa = PBXFileReference; explicitFileType = wrapper.application; includeInIndex = 0; path = WishList.app; sourceTree = BUILT_PRODUCTS_DIR; };
		B68A4AD82BDE0F94008E25C5 /* AppDelegate.swift */ = {isa = PBXFileReference; lastKnownFileType = sourcecode.swift; path = AppDelegate.swift; sourceTree = "<group>"; };
		B68A4ADA2BDE0F94008E25C5 /* SceneDelegate.swift */ = {isa = PBXFileReference; lastKnownFileType = sourcecode.swift; path = SceneDelegate.swift; sourceTree = "<group>"; };
		B68A4ADC2BDE0F94008E25C5 /* ViewController.swift */ = {isa = PBXFileReference; lastKnownFileType = sourcecode.swift; path = ViewController.swift; sourceTree = "<group>"; };
		B68A4ADF2BDE0F94008E25C5 /* Base */ = {isa = PBXFileReference; lastKnownFileType = file.storyboard; name = Base; path = Base.lproj/Main.storyboard; sourceTree = "<group>"; };
		B68A4AE22BDE0F94008E25C5 /* WishList.xcdatamodel */ = {isa = PBXFileReference; lastKnownFileType = wrapper.xcdatamodel; path = WishList.xcdatamodel; sourceTree = "<group>"; };
		B68A4AE42BDE0F96008E25C5 /* Assets.xcassets */ = {isa = PBXFileReference; lastKnownFileType = folder.assetcatalog; path = Assets.xcassets; sourceTree = "<group>"; };
		B68A4AE72BDE0F96008E25C5 /* Base */ = {isa = PBXFileReference; lastKnownFileType = file.storyboard; name = Base; path = Base.lproj/LaunchScreen.storyboard; sourceTree = "<group>"; };
		B68A4AE92BDE0F96008E25C5 /* Info.plist */ = {isa = PBXFileReference; lastKnownFileType = text.plist.xml; path = Info.plist; sourceTree = "<group>"; };
		B68A4AEF2BDE0FCB008E25C5 /* BaseViewController.swift */ = {isa = PBXFileReference; lastKnownFileType = sourcecode.swift; path = BaseViewController.swift; sourceTree = "<group>"; };
		B68A4AF12BDE1B7C008E25C5 /* Product.swift */ = {isa = PBXFileReference; lastKnownFileType = sourcecode.swift; path = Product.swift; sourceTree = "<group>"; };
		B68A4AF62BDE1F01008E25C5 /* APIManager.swift */ = {isa = PBXFileReference; lastKnownFileType = sourcecode.swift; path = APIManager.swift; sourceTree = "<group>"; };
		B68A4AF82BDE1F0F008E25C5 /* CoreDataManager.swift */ = {isa = PBXFileReference; lastKnownFileType = sourcecode.swift; path = CoreDataManager.swift; sourceTree = "<group>"; };
		B68A4AFA2BDE3AE2008E25C5 /* WishListViewController.swift */ = {isa = PBXFileReference; lastKnownFileType = sourcecode.swift; path = WishListViewController.swift; sourceTree = "<group>"; };
		B68A4AFC2BDE3F85008E25C5 /* MyCollectionViewCell.swift */ = {isa = PBXFileReference; lastKnownFileType = sourcecode.swift; path = MyCollectionViewCell.swift; sourceTree = "<group>"; };
/* End PBXFileReference section */

/* Begin PBXFrameworksBuildPhase section */
		B68A4AD22BDE0F94008E25C5 /* Frameworks */ = {
			isa = PBXFrameworksBuildPhase;
			buildActionMask = 2147483647;
			files = (
				F73ECB8E38C141D643F53F2F /* Pods_WishList.framework in Frameworks */,
			);
			runOnlyForDeploymentPostprocessing = 0;
		};
/* End PBXFrameworksBuildPhase section */

/* Begin PBXGroup section */
		B68A4ACC2BDE0F94008E25C5 = {
			isa = PBXGroup;
			children = (
				B68A4AD72BDE0F94008E25C5 /* WishList */,
				B68A4AD62BDE0F94008E25C5 /* Products */,
				CF26355F6D91AAA425D6D715 /* Pods */,
				C45A1D45C5273033660915BA /* Frameworks */,
			);
			sourceTree = "<group>";
		};
		B68A4AD62BDE0F94008E25C5 /* Products */ = {
			isa = PBXGroup;
			children = (
				B68A4AD52BDE0F94008E25C5 /* WishList.app */,
			);
			name = Products;
			sourceTree = "<group>";
		};
		B68A4AD72BDE0F94008E25C5 /* WishList */ = {
			isa = PBXGroup;
			children = (
				B68A4AD82BDE0F94008E25C5 /* AppDelegate.swift */,
				B68A4ADA2BDE0F94008E25C5 /* SceneDelegate.swift */,
				B68A4AF32BDE1B8A008E25C5 /* Models */,
				B68A4AF42BDE1BA4008E25C5 /* Views */,
				B68A4AF52BDE1BAE008E25C5 /* Controllers */,
				B68A4AE42BDE0F96008E25C5 /* Assets.xcassets */,
				B68A4AE62BDE0F96008E25C5 /* LaunchScreen.storyboard */,
				B68A4AE92BDE0F96008E25C5 /* Info.plist */,
				B68A4AE12BDE0F94008E25C5 /* WishList.xcdatamodeld */,
			);
			path = WishList;
			sourceTree = "<group>";
		};
		B68A4AF32BDE1B8A008E25C5 /* Models */ = {
			isa = PBXGroup;
			children = (
				B68A4AF12BDE1B7C008E25C5 /* Product.swift */,
				B68A4AF62BDE1F01008E25C5 /* APIManager.swift */,
				B68A4AF82BDE1F0F008E25C5 /* CoreDataManager.swift */,
			);
			path = Models;
			sourceTree = "<group>";
		};
		B68A4AF42BDE1BA4008E25C5 /* Views */ = {
			isa = PBXGroup;
			children = (
				B68A4ADE2BDE0F94008E25C5 /* Main.storyboard */,
				B68A4AFC2BDE3F85008E25C5 /* MyCollectionViewCell.swift */,
			);
			path = Views;
			sourceTree = "<group>";
		};
		B68A4AF52BDE1BAE008E25C5 /* Controllers */ = {
			isa = PBXGroup;
			children = (
				B68A4AEF2BDE0FCB008E25C5 /* BaseViewController.swift */,
				B68A4ADC2BDE0F94008E25C5 /* ViewController.swift */,
				B68A4AFA2BDE3AE2008E25C5 /* WishListViewController.swift */,
			);
			path = Controllers;
			sourceTree = "<group>";
		};
		C45A1D45C5273033660915BA /* Frameworks */ = {
			isa = PBXGroup;
			children = (
				86374450A9209E76390A0A0B /* Pods_WishList.framework */,
			);
			name = Frameworks;
			sourceTree = "<group>";
		};
		CF26355F6D91AAA425D6D715 /* Pods */ = {
			isa = PBXGroup;
			children = (
				9A89FAD10911BABBA84B37D1 /* Pods-WishList.debug.xcconfig */,
				0C3798A5C732344F97970991 /* Pods-WishList.release.xcconfig */,
			);
			path = Pods;
			sourceTree = "<group>";
		};
/* End PBXGroup section */

/* Begin PBXNativeTarget section */
		B68A4AD42BDE0F94008E25C5 /* WishList */ = {
			isa = PBXNativeTarget;
			buildConfigurationList = B68A4AEC2BDE0F96008E25C5 /* Build configuration list for PBXNativeTarget "WishList" */;
			buildPhases = (
				4BFE514587D620B395ADB957 /* [CP] Check Pods Manifest.lock */,
				B68A4AD12BDE0F94008E25C5 /* Sources */,
				B68A4AD22BDE0F94008E25C5 /* Frameworks */,
				B68A4AD32BDE0F94008E25C5 /* Resources */,
				F5A77AFC81103725BFE6DEF6 /* [CP] Embed Pods Frameworks */,
			);
			buildRules = (
			);
			dependencies = (
			);
			name = WishList;
			productName = WishList;
			productReference = B68A4AD52BDE0F94008E25C5 /* WishList.app */;
			productType = "com.apple.product-type.application";
		};
/* End PBXNativeTarget section */

/* Begin PBXProject section */
		B68A4ACD2BDE0F94008E25C5 /* Project object */ = {
			isa = PBXProject;
			attributes = {
				BuildIndependentTargetsInParallel = 1;
				LastSwiftUpdateCheck = 1530;
				LastUpgradeCheck = 1530;
				TargetAttributes = {
					B68A4AD42BDE0F94008E25C5 = {
						CreatedOnToolsVersion = 15.3;
					};
				};
			};
			buildConfigurationList = B68A4AD02BDE0F94008E25C5 /* Build configuration list for PBXProject "WishList" */;
			compatibilityVersion = "Xcode 14.0";
			developmentRegion = en;
			hasScannedForEncodings = 0;
			knownRegions = (
				en,
				Base,
			);
			mainGroup = B68A4ACC2BDE0F94008E25C5;
			productRefGroup = B68A4AD62BDE0F94008E25C5 /* Products */;
			projectDirPath = "";
			projectRoot = "";
			targets = (
				B68A4AD42BDE0F94008E25C5 /* WishList */,
			);
		};
/* End PBXProject section */

/* Begin PBXResourcesBuildPhase section */
		B68A4AD32BDE0F94008E25C5 /* Resources */ = {
			isa = PBXResourcesBuildPhase;
			buildActionMask = 2147483647;
			files = (
				B68A4AE52BDE0F96008E25C5 /* Assets.xcassets in Resources */,
				B68A4AE82BDE0F96008E25C5 /* Base in Resources */,
				B68A4AE02BDE0F94008E25C5 /* Base in Resources */,
			);
			runOnlyForDeploymentPostprocessing = 0;
		};
/* End PBXResourcesBuildPhase section */

/* Begin PBXShellScriptBuildPhase section */
		4BFE514587D620B395ADB957 /* [CP] Check Pods Manifest.lock */ = {
			isa = PBXShellScriptBuildPhase;
			buildActionMask = 2147483647;
			files = (
			);
			inputFileListPaths = (
			);
			inputPaths = (
				"${PODS_PODFILE_DIR_PATH}/Podfile.lock",
				"${PODS_ROOT}/Manifest.lock",
			);
			name = "[CP] Check Pods Manifest.lock";
			outputFileListPaths = (
			);
			outputPaths = (
				"$(DERIVED_FILE_DIR)/Pods-WishList-checkManifestLockResult.txt",
			);
			runOnlyForDeploymentPostprocessing = 0;
			shellPath = /bin/sh;
			shellScript = "diff \"${PODS_PODFILE_DIR_PATH}/Podfile.lock\" \"${PODS_ROOT}/Manifest.lock\" > /dev/null\nif [ $? != 0 ] ; then\n    # print error to STDERR\n    echo \"error: The sandbox is not in sync with the Podfile.lock. Run 'pod install' or update your CocoaPods installation.\" >&2\n    exit 1\nfi\n# This output is used by Xcode 'outputs' to avoid re-running this script phase.\necho \"SUCCESS\" > \"${SCRIPT_OUTPUT_FILE_0}\"\n";
			showEnvVarsInLog = 0;
		};
		F5A77AFC81103725BFE6DEF6 /* [CP] Embed Pods Frameworks */ = {
			isa = PBXShellScriptBuildPhase;
			buildActionMask = 2147483647;
			files = (
			);
			inputFileListPaths = (
				"${PODS_ROOT}/Target Support Files/Pods-WishList/Pods-WishList-frameworks-${CONFIGURATION}-input-files.xcfilelist",
			);
			name = "[CP] Embed Pods Frameworks";
			outputFileListPaths = (
				"${PODS_ROOT}/Target Support Files/Pods-WishList/Pods-WishList-frameworks-${CONFIGURATION}-output-files.xcfilelist",
			);
			runOnlyForDeploymentPostprocessing = 0;
			shellPath = /bin/sh;
			shellScript = "\"${PODS_ROOT}/Target Support Files/Pods-WishList/Pods-WishList-frameworks.sh\"\n";
			showEnvVarsInLog = 0;
		};
/* End PBXShellScriptBuildPhase section */

/* Begin PBXSourcesBuildPhase section */
		B68A4AD12BDE0F94008E25C5 /* Sources */ = {
			isa = PBXSourcesBuildPhase;
			buildActionMask = 2147483647;
			files = (
				B68A4AF02BDE0FCB008E25C5 /* BaseViewController.swift in Sources */,
				B68A4AE32BDE0F94008E25C5 /* WishList.xcdatamodeld in Sources */,
				B68A4ADD2BDE0F94008E25C5 /* ViewController.swift in Sources */,
				B68A4AD92BDE0F94008E25C5 /* AppDelegate.swift in Sources */,
				B68A4ADB2BDE0F94008E25C5 /* SceneDelegate.swift in Sources */,
				B68A4AF22BDE1B7C008E25C5 /* Product.swift in Sources */,
				B68A4AFD2BDE3F85008E25C5 /* MyCollectionViewCell.swift in Sources */,
				B68A4AF92BDE1F0F008E25C5 /* CoreDataManager.swift in Sources */,
				B68A4AFB2BDE3AE2008E25C5 /* WishListViewController.swift in Sources */,
				B68A4AF72BDE1F01008E25C5 /* APIManager.swift in Sources */,
			);
			runOnlyForDeploymentPostprocessing = 0;
		};
/* End PBXSourcesBuildPhase section */

/* Begin PBXVariantGroup section */
		B68A4ADE2BDE0F94008E25C5 /* Main.storyboard */ = {
			isa = PBXVariantGroup;
			children = (
				B68A4ADF2BDE0F94008E25C5 /* Base */,
			);
			name = Main.storyboard;
			sourceTree = "<group>";
		};
		B68A4AE62BDE0F96008E25C5 /* LaunchScreen.storyboard */ = {
			isa = PBXVariantGroup;
			children = (
				B68A4AE72BDE0F96008E25C5 /* Base */,
			);
			name = LaunchScreen.storyboard;
			sourceTree = "<group>";
		};
/* End PBXVariantGroup section */

/* Begin XCBuildConfiguration section */
		B68A4AEA2BDE0F96008E25C5 /* Debug */ = {
			isa = XCBuildConfiguration;
			buildSettings = {
				ALWAYS_SEARCH_USER_PATHS = NO;
				ASSETCATALOG_COMPILER_GENERATE_SWIFT_ASSET_SYMBOL_EXTENSIONS = YES;
				CLANG_ANALYZER_NONNULL = YES;
				CLANG_ANALYZER_NUMBER_OBJECT_CONVERSION = YES_AGGRESSIVE;
				CLANG_CXX_LANGUAGE_STANDARD = "gnu++20";
				CLANG_ENABLE_MODULES = YES;
				CLANG_ENABLE_OBJC_ARC = YES;
				CLANG_ENABLE_OBJC_WEAK = YES;
				CLANG_WARN_BLOCK_CAPTURE_AUTORELEASING = YES;
				CLANG_WARN_BOOL_CONVERSION = YES;
				CLANG_WARN_COMMA = YES;
				CLANG_WARN_CONSTANT_CONVERSION = YES;
				CLANG_WARN_DEPRECATED_OBJC_IMPLEMENTATIONS = YES;
				CLANG_WARN_DIRECT_OBJC_ISA_USAGE = YES_ERROR;
				CLANG_WARN_DOCUMENTATION_COMMENTS = YES;
				CLANG_WARN_EMPTY_BODY = YES;
				CLANG_WARN_ENUM_CONVERSION = YES;
				CLANG_WARN_INFINITE_RECURSION = YES;
				CLANG_WARN_INT_CONVERSION = YES;
				CLANG_WARN_NON_LITERAL_NULL_CONVERSION = YES;
				CLANG_WARN_OBJC_IMPLICIT_RETAIN_SELF = YES;
				CLANG_WARN_OBJC_LITERAL_CONVERSION = YES;
				CLANG_WARN_OBJC_ROOT_CLASS = YES_ERROR;
				CLANG_WARN_QUOTED_INCLUDE_IN_FRAMEWORK_HEADER = YES;
				CLANG_WARN_RANGE_LOOP_ANALYSIS = YES;
				CLANG_WARN_STRICT_PROTOTYPES = YES;
				CLANG_WARN_SUSPICIOUS_MOVE = YES;
				CLANG_WARN_UNGUARDED_AVAILABILITY = YES_AGGRESSIVE;
				CLANG_WARN_UNREACHABLE_CODE = YES;
				CLANG_WARN__DUPLICATE_METHOD_MATCH = YES;
				COPY_PHASE_STRIP = NO;
				DEBUG_INFORMATION_FORMAT = dwarf;
				ENABLE_STRICT_OBJC_MSGSEND = YES;
				ENABLE_TESTABILITY = YES;
				ENABLE_USER_SCRIPT_SANDBOXING = YES;
				GCC_C_LANGUAGE_STANDARD = gnu17;
				GCC_DYNAMIC_NO_PIC = NO;
				GCC_NO_COMMON_BLOCKS = YES;
				GCC_OPTIMIZATION_LEVEL = 0;
				GCC_PREPROCESSOR_DEFINITIONS = (
					"DEBUG=1",
					"$(inherited)",
				);
				GCC_WARN_64_TO_32_BIT_CONVERSION = YES;
				GCC_WARN_ABOUT_RETURN_TYPE = YES_ERROR;
				GCC_WARN_UNDECLARED_SELECTOR = YES;
				GCC_WARN_UNINITIALIZED_AUTOS = YES_AGGRESSIVE;
				GCC_WARN_UNUSED_FUNCTION = YES;
				GCC_WARN_UNUSED_VARIABLE = YES;
				IPHONEOS_DEPLOYMENT_TARGET = 17.4;
				LOCALIZATION_PREFERS_STRING_CATALOGS = YES;
				MTL_ENABLE_DEBUG_INFO = INCLUDE_SOURCE;
				MTL_FAST_MATH = YES;
				ONLY_ACTIVE_ARCH = YES;
				SDKROOT = iphoneos;
				SWIFT_ACTIVE_COMPILATION_CONDITIONS = "DEBUG $(inherited)";
				SWIFT_OPTIMIZATION_LEVEL = "-Onone";
			};
			name = Debug;
		};
		B68A4AEB2BDE0F96008E25C5 /* Release */ = {
			isa = XCBuildConfiguration;
			buildSettings = {
				ALWAYS_SEARCH_USER_PATHS = NO;
				ASSETCATALOG_COMPILER_GENERATE_SWIFT_ASSET_SYMBOL_EXTENSIONS = YES;
				CLANG_ANALYZER_NONNULL = YES;
				CLANG_ANALYZER_NUMBER_OBJECT_CONVERSION = YES_AGGRESSIVE;
				CLANG_CXX_LANGUAGE_STANDARD = "gnu++20";
				CLANG_ENABLE_MODULES = YES;
				CLANG_ENABLE_OBJC_ARC = YES;
				CLANG_ENABLE_OBJC_WEAK = YES;
				CLANG_WARN_BLOCK_CAPTURE_AUTORELEASING = YES;
				CLANG_WARN_BOOL_CONVERSION = YES;
				CLANG_WARN_COMMA = YES;
				CLANG_WARN_CONSTANT_CONVERSION = YES;
				CLANG_WARN_DEPRECATED_OBJC_IMPLEMENTATIONS = YES;
				CLANG_WARN_DIRECT_OBJC_ISA_USAGE = YES_ERROR;
				CLANG_WARN_DOCUMENTATION_COMMENTS = YES;
				CLANG_WARN_EMPTY_BODY = YES;
				CLANG_WARN_ENUM_CONVERSION = YES;
				CLANG_WARN_INFINITE_RECURSION = YES;
				CLANG_WARN_INT_CONVERSION = YES;
				CLANG_WARN_NON_LITERAL_NULL_CONVERSION = YES;
				CLANG_WARN_OBJC_IMPLICIT_RETAIN_SELF = YES;
				CLANG_WARN_OBJC_LITERAL_CONVERSION = YES;
				CLANG_WARN_OBJC_ROOT_CLASS = YES_ERROR;
				CLANG_WARN_QUOTED_INCLUDE_IN_FRAMEWORK_HEADER = YES;
				CLANG_WARN_RANGE_LOOP_ANALYSIS = YES;
				CLANG_WARN_STRICT_PROTOTYPES = YES;
				CLANG_WARN_SUSPICIOUS_MOVE = YES;
				CLANG_WARN_UNGUARDED_AVAILABILITY = YES_AGGRESSIVE;
				CLANG_WARN_UNREACHABLE_CODE = YES;
				CLANG_WARN__DUPLICATE_METHOD_MATCH = YES;
				COPY_PHASE_STRIP = NO;
				DEBUG_INFORMATION_FORMAT = "dwarf-with-dsym";
				ENABLE_NS_ASSERTIONS = NO;
				ENABLE_STRICT_OBJC_MSGSEND = YES;
				ENABLE_USER_SCRIPT_SANDBOXING = YES;
				GCC_C_LANGUAGE_STANDARD = gnu17;
				GCC_NO_COMMON_BLOCKS = YES;
				GCC_WARN_64_TO_32_BIT_CONVERSION = YES;
				GCC_WARN_ABOUT_RETURN_TYPE = YES_ERROR;
				GCC_WARN_UNDECLARED_SELECTOR = YES;
				GCC_WARN_UNINITIALIZED_AUTOS = YES_AGGRESSIVE;
				GCC_WARN_UNUSED_FUNCTION = YES;
				GCC_WARN_UNUSED_VARIABLE = YES;
				IPHONEOS_DEPLOYMENT_TARGET = 17.4;
				LOCALIZATION_PREFERS_STRING_CATALOGS = YES;
				MTL_ENABLE_DEBUG_INFO = NO;
				MTL_FAST_MATH = YES;
				SDKROOT = iphoneos;
				SWIFT_COMPILATION_MODE = wholemodule;
				VALIDATE_PRODUCT = YES;
			};
			name = Release;
		};
		B68A4AED2BDE0F96008E25C5 /* Debug */ = {
			isa = XCBuildConfiguration;
			baseConfigurationReference = 9A89FAD10911BABBA84B37D1 /* Pods-WishList.debug.xcconfig */;
			buildSettings = {
				ASSETCATALOG_COMPILER_APPICON_NAME = AppIcon;
				ASSETCATALOG_COMPILER_GLOBAL_ACCENT_COLOR_NAME = AccentColor;
				CODE_SIGN_STYLE = Automatic;
				CURRENT_PROJECT_VERSION = 1;
				DEVELOPMENT_TEAM = BF9XQ9V6WY;
				ENABLE_USER_SCRIPT_SANDBOXING = NO;
				GENERATE_INFOPLIST_FILE = YES;
				INFOPLIST_FILE = WishList/Info.plist;
				INFOPLIST_KEY_UIApplicationSupportsIndirectInputEvents = YES;
				INFOPLIST_KEY_UILaunchStoryboardName = LaunchScreen;
				INFOPLIST_KEY_UIMainStoryboardFile = Main;
				INFOPLIST_KEY_UISupportedInterfaceOrientations_iPad = "UIInterfaceOrientationPortrait UIInterfaceOrientationPortraitUpsideDown UIInterfaceOrientationLandscapeLeft UIInterfaceOrientationLandscapeRight";
				INFOPLIST_KEY_UISupportedInterfaceOrientations_iPhone = "UIInterfaceOrientationPortrait UIInterfaceOrientationLandscapeLeft UIInterfaceOrientationLandscapeRight";
				IPHONEOS_DEPLOYMENT_TARGET = 16;
				LD_RUNPATH_SEARCH_PATHS = (
					"$(inherited)",
					"@executable_path/Frameworks",
				);
				MARKETING_VERSION = 1.0;
				PRODUCT_BUNDLE_IDENTIFIER = com.eqqmayo.WishList;
				PRODUCT_NAME = "$(TARGET_NAME)";
				SUPPORTED_PLATFORMS = "iphoneos iphonesimulator";
				SUPPORTS_MACCATALYST = NO;
				SUPPORTS_MAC_DESIGNED_FOR_IPHONE_IPAD = NO;
				SUPPORTS_XR_DESIGNED_FOR_IPHONE_IPAD = NO;
				SWIFT_EMIT_LOC_STRINGS = YES;
				SWIFT_VERSION = 5.0;
				TARGETED_DEVICE_FAMILY = 1;
			};
			name = Debug;
		};
		B68A4AEE2BDE0F96008E25C5 /* Release */ = {
			isa = XCBuildConfiguration;
			baseConfigurationReference = 0C3798A5C732344F97970991 /* Pods-WishList.release.xcconfig */;
			buildSettings = {
				ASSETCATALOG_COMPILER_APPICON_NAME = AppIcon;
				ASSETCATALOG_COMPILER_GLOBAL_ACCENT_COLOR_NAME = AccentColor;
				CODE_SIGN_STYLE = Automatic;
				CURRENT_PROJECT_VERSION = 1;
				DEVELOPMENT_TEAM = BF9XQ9V6WY;
				ENABLE_USER_SCRIPT_SANDBOXING = NO;
				GENERATE_INFOPLIST_FILE = YES;
				INFOPLIST_FILE = WishList/Info.plist;
				INFOPLIST_KEY_UIApplicationSupportsIndirectInputEvents = YES;
				INFOPLIST_KEY_UILaunchStoryboardName = LaunchScreen;
				INFOPLIST_KEY_UIMainStoryboardFile = Main;
				INFOPLIST_KEY_UISupportedInterfaceOrientations_iPad = "UIInterfaceOrientationPortrait UIInterfaceOrientationPortraitUpsideDown UIInterfaceOrientationLandscapeLeft UIInterfaceOrientationLandscapeRight";
				INFOPLIST_KEY_UISupportedInterfaceOrientations_iPhone = "UIInterfaceOrientationPortrait UIInterfaceOrientationLandscapeLeft UIInterfaceOrientationLandscapeRight";
				IPHONEOS_DEPLOYMENT_TARGET = 16;
				LD_RUNPATH_SEARCH_PATHS = (
					"$(inherited)",
					"@executable_path/Frameworks",
				);
				MARKETING_VERSION = 1.0;
				PRODUCT_BUNDLE_IDENTIFIER = com.eqqmayo.WishList;
				PRODUCT_NAME = "$(TARGET_NAME)";
				SUPPORTED_PLATFORMS = "iphoneos iphonesimulator";
				SUPPORTS_MACCATALYST = NO;
				SUPPORTS_MAC_DESIGNED_FOR_IPHONE_IPAD = NO;
				SUPPORTS_XR_DESIGNED_FOR_IPHONE_IPAD = NO;
				SWIFT_EMIT_LOC_STRINGS = YES;
				SWIFT_VERSION = 5.0;
				TARGETED_DEVICE_FAMILY = 1;
			};
			name = Release;
		};
/* End XCBuildConfiguration section */

/* Begin XCConfigurationList section */
		B68A4AD02BDE0F94008E25C5 /* Build configuration list for PBXProject "WishList" */ = {
			isa = XCConfigurationList;
			buildConfigurations = (
				B68A4AEA2BDE0F96008E25C5 /* Debug */,
				B68A4AEB2BDE0F96008E25C5 /* Release */,
			);
			defaultConfigurationIsVisible = 0;
			defaultConfigurationName = Release;
		};
		B68A4AEC2BDE0F96008E25C5 /* Build configuration list for PBXNativeTarget "WishList" */ = {
			isa = XCConfigurationList;
			buildConfigurations = (
				B68A4AED2BDE0F96008E25C5 /* Debug */,
				B68A4AEE2BDE0F96008E25C5 /* Release */,
			);
			defaultConfigurationIsVisible = 0;
			defaultConfigurationName = Release;
		};
/* End XCConfigurationList section */

/* Begin XCVersionGroup section */
		B68A4AE12BDE0F94008E25C5 /* WishList.xcdatamodeld */ = {
			isa = XCVersionGroup;
			children = (
				B68A4AE22BDE0F94008E25C5 /* WishList.xcdatamodel */,
			);
			currentVersion = B68A4AE22BDE0F94008E25C5 /* WishList.xcdatamodel */;
			path = WishList.xcdatamodeld;
			sourceTree = "<group>";
			versionGroupType = wrapper.xcdatamodel;
		};
/* End XCVersionGroup section */
	};
	rootObject = B68A4ACD2BDE0F94008E25C5 /* Project object */;
}
